
Microsoft Visual Studio Solution File, Format Version 12.00
# Visual Studio Version 17
VisualStudioVersion = 17.12.35707.178 d17.12
MinimumVisualStudioVersion = 10.0.40219.1
Project("{2150E333-8FDC-42A3-9474-1A3956D46DE8}") = "ApiGateways", "ApiGateways", "{2BD00279-9BAF-46FD-921E-BAA126899B20}"
EndProject
Project("{2150E333-8FDC-42A3-9474-1A3956D46DE8}") = "BuildingBlocks", "BuildingBlocks", "{68AEAB97-77E3-4245-AF27-B32A40B40EF7}"
EndProject
Project("{2150E333-8FDC-42A3-9474-1A3956D46DE8}") = "Services", "Services", "{0624EAEB-D617-4368-BC04-ED3FE3D6F91D}"
EndProject
Project("{FAE04EC0-301F-11D3-BF4B-00C04F79EFBC}") = "YarpApiGateway", "YarpApiGateway\YarpApiGateway.csproj", "{A19479EC-E738-4B3F-AA69-6A806A5F5B93}"
EndProject
Project("{FAE04EC0-301F-11D3-BF4B-00C04F79EFBC}") = "BuildingBlocks", "BuildingBlocks\BuildingBlocks.csproj", "{17D225C5-EE7D-4DB5-BBF4-37B0235082CB}"
EndProject
Project("{FAE04EC0-301F-11D3-BF4B-00C04F79EFBC}") = "BuildingBlocks.Messaging", "BuildingBlocks.Messaging\BuildingBlocks.Messaging.csproj", "{509530B2-16F9-4026-850E-C43A2F1D7691}"
EndProject
Project("{2150E333-8FDC-42A3-9474-1A3956D46DE8}") = "WebAppBackoffice", "WebAppBackoffice", "{02AE2F69-D852-4585-A33F-5A1CB1D1131E}"
EndProject
Project("{2150E333-8FDC-42A3-9474-1A3956D46DE8}") = "BackOffice", "BackOffice", "{1A568025-E0D5-49E8-BF6C-149270E20A13}"
EndProject
Project("{2150E333-8FDC-42A3-9474-1A3956D46DE8}") = "Resturant", "Resturant", "{DEECC19B-BD38-4502-86D3-17440EE0D91A}"
EndProject
Project("{2150E333-8FDC-42A3-9474-1A3956D46DE8}") = "Client", "Client", "{4E4771AA-E0A6-4C8B-BD06-8593B9B0F4A5}"
EndProject
Project("{2150E333-8FDC-42A3-9474-1A3956D46DE8}") = "Order", "Order", "{EED459D0-F084-4307-8C49-0797B6E0CD8E}"
EndProject
Project("{2150E333-8FDC-42A3-9474-1A3956D46DE8}") = "Payment", "Payment", "{657EEEC3-E627-4DF0-8ABA-3B6B6722D7E6}"
EndProject
Project("{FAE04EC0-301F-11D3-BF4B-00C04F79EFBC}") = "Client.Infrastructure", "Client.Infrastructure\Client.Infrastructure.csproj", "{E4428858-AC3C-4D60-9D41-7697B119B30E}"
EndProject
Project("{FAE04EC0-301F-11D3-BF4B-00C04F79EFBC}") = "Client.Domain", "Client.Domain\Client.Domain.csproj", "{5945CF1A-D514-488A-8609-688A48D0AFEA}"
EndProject
Project("{FAE04EC0-301F-11D3-BF4B-00C04F79EFBC}") = "Client.Application", "Client.Application\Client.Application.csproj", "{198EB36C-DB92-48B0-877B-A2A55E5BACC8}"
EndProject
Project("{FAE04EC0-301F-11D3-BF4B-00C04F79EFBC}") = "Client.API", "Client.API\Client.API.csproj", "{301FE97E-B4A3-4097-8488-69F0EE86C381}"
EndProject
Global
	GlobalSection(SolutionConfigurationPlatforms) = preSolution
		Debug|Any CPU = Debug|Any CPU
		Release|Any CPU = Release|Any CPU
	EndGlobalSection
	GlobalSection(ProjectConfigurationPlatforms) = postSolution
		{A19479EC-E738-4B3F-AA69-6A806A5F5B93}.Debug|Any CPU.ActiveCfg = Debug|Any CPU
		{A19479EC-E738-4B3F-AA69-6A806A5F5B93}.Debug|Any CPU.Build.0 = Debug|Any CPU
		{A19479EC-E738-4B3F-AA69-6A806A5F5B93}.Release|Any CPU.ActiveCfg = Release|Any CPU
		{A19479EC-E738-4B3F-AA69-6A806A5F5B93}.Release|Any CPU.Build.0 = Release|Any CPU
		{17D225C5-EE7D-4DB5-BBF4-37B0235082CB}.Debug|Any CPU.ActiveCfg = Debug|Any CPU
		{17D225C5-EE7D-4DB5-BBF4-37B0235082CB}.Debug|Any CPU.Build.0 = Debug|Any CPU
		{17D225C5-EE7D-4DB5-BBF4-37B0235082CB}.Release|Any CPU.ActiveCfg = Release|Any CPU
		{17D225C5-EE7D-4DB5-BBF4-37B0235082CB}.Release|Any CPU.Build.0 = Release|Any CPU
		{509530B2-16F9-4026-850E-C43A2F1D7691}.Debug|Any CPU.ActiveCfg = Debug|Any CPU
		{509530B2-16F9-4026-850E-C43A2F1D7691}.Debug|Any CPU.Build.0 = Debug|Any CPU
		{509530B2-16F9-4026-850E-C43A2F1D7691}.Release|Any CPU.ActiveCfg = Release|Any CPU
		{509530B2-16F9-4026-850E-C43A2F1D7691}.Release|Any CPU.Build.0 = Release|Any CPU
		{E4428858-AC3C-4D60-9D41-7697B119B30E}.Debug|Any CPU.ActiveCfg = Debug|Any CPU
		{E4428858-AC3C-4D60-9D41-7697B119B30E}.Debug|Any CPU.Build.0 = Debug|Any CPU
		{E4428858-AC3C-4D60-9D41-7697B119B30E}.Release|Any CPU.ActiveCfg = Release|Any CPU
		{E4428858-AC3C-4D60-9D41-7697B119B30E}.Release|Any CPU.Build.0 = Release|Any CPU
		{5945CF1A-D514-488A-8609-688A48D0AFEA}.Debug|Any CPU.ActiveCfg = Debug|Any CPU
		{5945CF1A-D514-488A-8609-688A48D0AFEA}.Debug|Any CPU.Build.0 = Debug|Any CPU
		{5945CF1A-D514-488A-8609-688A48D0AFEA}.Release|Any CPU.ActiveCfg = Release|Any CPU
		{5945CF1A-D514-488A-8609-688A48D0AFEA}.Release|Any CPU.Build.0 = Release|Any CPU
		{198EB36C-DB92-48B0-877B-A2A55E5BACC8}.Debug|Any CPU.ActiveCfg = Debug|Any CPU
		{198EB36C-DB92-48B0-877B-A2A55E5BACC8}.Debug|Any CPU.Build.0 = Debug|Any CPU
		{198EB36C-DB92-48B0-877B-A2A55E5BACC8}.Release|Any CPU.ActiveCfg = Release|Any CPU
		{198EB36C-DB92-48B0-877B-A2A55E5BACC8}.Release|Any CPU.Build.0 = Release|Any CPU
		{301FE97E-B4A3-4097-8488-69F0EE86C381}.Debug|Any CPU.ActiveCfg = Debug|Any CPU
		{301FE97E-B4A3-4097-8488-69F0EE86C381}.Debug|Any CPU.Build.0 = Debug|Any CPU
		{301FE97E-B4A3-4097-8488-69F0EE86C381}.Release|Any CPU.ActiveCfg = Release|Any CPU
		{301FE97E-B4A3-4097-8488-69F0EE86C381}.Release|Any CPU.Build.0 = Release|Any CPU
	EndGlobalSection
	GlobalSection(SolutionProperties) = preSolution
		HideSolutionNode = FALSE
	EndGlobalSection
	GlobalSection(NestedProjects) = preSolution
		{A19479EC-E738-4B3F-AA69-6A806A5F5B93} = {2BD00279-9BAF-46FD-921E-BAA126899B20}
		{17D225C5-EE7D-4DB5-BBF4-37B0235082CB} = {68AEAB97-77E3-4245-AF27-B32A40B40EF7}
		{509530B2-16F9-4026-850E-C43A2F1D7691} = {68AEAB97-77E3-4245-AF27-B32A40B40EF7}
		{1A568025-E0D5-49E8-BF6C-149270E20A13} = {0624EAEB-D617-4368-BC04-ED3FE3D6F91D}
		{DEECC19B-BD38-4502-86D3-17440EE0D91A} = {0624EAEB-D617-4368-BC04-ED3FE3D6F91D}
		{4E4771AA-E0A6-4C8B-BD06-8593B9B0F4A5} = {0624EAEB-D617-4368-BC04-ED3FE3D6F91D}
		{EED459D0-F084-4307-8C49-0797B6E0CD8E} = {0624EAEB-D617-4368-BC04-ED3FE3D6F91D}
		{657EEEC3-E627-4DF0-8ABA-3B6B6722D7E6} = {0624EAEB-D617-4368-BC04-ED3FE3D6F91D}
		{E4428858-AC3C-4D60-9D41-7697B119B30E} = {4E4771AA-E0A6-4C8B-BD06-8593B9B0F4A5}
		{5945CF1A-D514-488A-8609-688A48D0AFEA} = {4E4771AA-E0A6-4C8B-BD06-8593B9B0F4A5}
		{198EB36C-DB92-48B0-877B-A2A55E5BACC8} = {4E4771AA-E0A6-4C8B-BD06-8593B9B0F4A5}
		{301FE97E-B4A3-4097-8488-69F0EE86C381} = {4E4771AA-E0A6-4C8B-BD06-8593B9B0F4A5}
	EndGlobalSection
EndGlobal
